
Microsoft Visual Studio Solution File, Format Version 10.00
# Visual Studio 2008
Project("{8BC9CEB8-8B4A-11D0-8D11-00A0C91BC942}") = "lesson1", "Lesson01\Lesson1.vcproj", "{C33F4F24-9015-4C77-9143-6969F27C67A1}"
EndProject
Project("{8BC9CEB8-8B4A-11D0-8D11-00A0C91BC942}") = "lesson2", "Lesson02\Lesson2.vcproj", "{3600FB43-8E21-4CE3-94D6-21B7A5112400}"
EndProject
Project("{8BC9CEB8-8B4A-11D0-8D11-00A0C91BC942}") = "lesson3", "Lesson03\Lesson3.vcproj", "{31E93F3C-EC23-4C5A-A3D4-C5A00B5A4C3C}"
EndProject
Project("{8BC9CEB8-8B4A-11D0-8D11-00A0C91BC942}") = "lesson4", "Lesson04\Lesson4.vcproj", "{64263E6D-D553-4DFF-BDDE-3E3889586B70}"
EndProject
Project("{8BC9CEB8-8B4A-11D0-8D11-00A0C91BC942}") = "lesson5", "Lesson05\Lesson5.vcproj", "{9B87CBAB-C55F-43C5-92CF-712870075E38}"
EndProject
Project("{8BC9CEB8-8B4A-11D0-8D11-00A0C91BC942}") = "lesson6", "Lesson06\Lesson6.vcproj", "{21D733BF-C458-4BD1-B96E-D487C1D2268B}"
EndProject
Project("{8BC9CEB8-8B4A-11D0-8D11-00A0C91BC942}") = "lesson7", "Lesson07\Lesson7.vcproj", "{CA7AA195-42AB-4662-9DB0-E24687D9B550}"
EndProject
Project("{8BC9CEB8-8B4A-11D0-8D11-00A0C91BC942}") = "lesson8", "Lesson08\Lesson8.vcproj", "{BB842779-8236-4D56-94D6-3848727F6140}"
EndProject
Project("{8BC9CEB8-8B4A-11D0-8D11-00A0C91BC942}") = "lesson9", "lesson09\lesson9.vcproj", "{FF460D8B-964A-4872-88B5-579904DC6416}"
EndProject
Project("{8BC9CEB8-8B4A-11D0-8D11-00A0C91BC942}") = "lesson10", "lesson10\Lesson10.vcproj", "{C9AFC376-371E-4C8A-B2F0-7EA96D3CA351}"
EndProject
Project("{8BC9CEB8-8B4A-11D0-8D11-00A0C91BC942}") = "lesson11", "lesson11\Lesson11.vcproj", "{55FE80A1-5C85-44A0-9B2A-960409B1202D}"
EndProject
Project("{8BC9CEB8-8B4A-11D0-8D11-00A0C91BC942}") = "lesson12", "lesson12\Lesson12.vcproj", "{F5807109-5660-4492-BF09-7AF0DEDAB713}"
EndProject
Project("{8BC9CEB8-8B4A-11D0-8D11-00A0C91BC942}") = "lesson13", "lesson13\Lesson13.vcproj", "{71EF6577-66EF-46FA-8D6F-855034B0BC3F}"
EndProject
Project("{8BC9CEB8-8B4A-11D0-8D11-00A0C91BC942}") = "lesson14", "lesson14\Lesson14.vcproj", "{27794B5E-D853-4D7E-985E-345AC7AF2328}"
EndProject
Project("{8BC9CEB8-8B4A-11D0-8D11-00A0C91BC942}") = "lesson15", "lesson15\Lesson15.vcproj", "{BDA4FFCA-F234-4CF8-8C85-7C6D3ADA7324}"
EndProject
Project("{8BC9CEB8-8B4A-11D0-8D11-00A0C91BC942}") = "lesson16", "lesson16\Lesson16.vcproj", "{584DAFE4-080B-4960-8AEF-BBD5AE3FEF81}"
EndProject
Project("{8BC9CEB8-8B4A-11D0-8D11-00A0C91BC942}") = "lesson17", "lesson17\Lesson17.vcproj", "{634C77EC-5975-4F03-A12F-9A5F03859D01}"
EndProject
Project("{8BC9CEB8-8B4A-11D0-8D11-00A0C91BC942}") = "lesson18", "lesson18\Lesson18.vcproj", "{3DFA607E-D3BB-488D-9DC3-0D20ACAA8684}"
EndProject
Project("{8BC9CEB8-8B4A-11D0-8D11-00A0C91BC942}") = "lesson19", "lesson19\Lesson19.vcproj", "{79F82E01-B852-4C5D-8391-881DE37213E0}"
EndProject
Project("{8BC9CEB8-8B4A-11D0-8D11-00A0C91BC942}") = "lesson20", "lesson20\Lesson20.vcproj", "{8C597653-3853-4C7F-8810-B127B25CAD1D}"
EndProject
Project("{8BC9CEB8-8B4A-11D0-8D11-00A0C91BC942}") = "lesson21", "lesson21\Lesson21.vcproj", "{A7DFE782-6BE7-4ED1-AF5E-0F8E0FA99EAE}"
EndProject
Project("{8BC9CEB8-8B4A-11D0-8D11-00A0C91BC942}") = "lesson22", "lesson22\Lesson22.vcproj", "{2357E142-D5FF-47D0-B18B-28E3073666CA}"
EndProject
Project("{8BC9CEB8-8B4A-11D0-8D11-00A0C91BC942}") = "Lesson23", "lesson23\Lesson23.vcproj", "{BF2CE69A-C29A-48B9-99BD-9FFC51B8BB6A}"
EndProject
Project("{8BC9CEB8-8B4A-11D0-8D11-00A0C91BC942}") = "Lesson24", "lesson24\Lesson24.vcproj", "{0A128AD6-33F3-4E32-90DB-B725782B892C}"
EndProject
Project("{8BC9CEB8-8B4A-11D0-8D11-00A0C91BC942}") = "Lesson25", "lesson25\Lesson25.vcproj", "{0F13E41F-5D37-49FB-955B-90C5660B30B2}"
EndProject
Project("{8BC9CEB8-8B4A-11D0-8D11-00A0C91BC942}") = "Lesson26", "lesson26\Lesson26.vcproj", "{7F04DAD7-8C3B-4CB6-8E8C-FDE044DEBAB6}"
EndProject
Project("{8BC9CEB8-8B4A-11D0-8D11-00A0C91BC942}") = "Lesson27", "lesson27\Lesson27.vcproj", "{3EF35475-27EC-4859-9A44-48170032E173}"
EndProject
Project("{8BC9CEB8-8B4A-11D0-8D11-00A0C91BC942}") = "Lesson28", "lesson28\Lesson28.vcproj", "{41DE1DDB-CBA8-4203-B842-F87AEBCA541E}"
EndProject
Project("{8BC9CEB8-8B4A-11D0-8D11-00A0C91BC942}") = "Lesson29", "lesson29\Lesson29.vcproj", "{A1BF1A39-8132-4FA8-93E0-56959A66EC97}"
EndProject
Project("{8BC9CEB8-8B4A-11D0-8D11-00A0C91BC942}") = "Lesson30", "lesson30\Lesson30.vcproj", "{E00EA810-F83E-4AAB-BAFF-6B6D721BBF02}"
EndProject
Project("{8BC9CEB8-8B4A-11D0-8D11-00A0C91BC942}") = "Lesson31", "lesson31\Lesson31.vcproj", "{D333E5F5-78A2-4086-8ADE-C3E611F79FAA}"
EndProject
Project("{8BC9CEB8-8B4A-11D0-8D11-00A0C91BC942}") = "Lesson32", "lesson32\Lesson32.vcproj", "{FF81A903-557D-476D-B583-6AED8C23139C}"
EndProject
Project("{8BC9CEB8-8B4A-11D0-8D11-00A0C91BC942}") = "Lesson33", "lesson33\Lesson33.vcproj", "{E38E8160-FD05-4B72-8B10-D630739C2371}"
EndProject
Project("{8BC9CEB8-8B4A-11D0-8D11-00A0C91BC942}") = "Lesson34", "Lesson34\Lesson34.vcproj", "{1B08C856-7945-4876-9591-CF68223A65A4}"
EndProject
Project("{8BC9CEB8-8B4A-11D0-8D11-00A0C91BC942}") = "Lesson35", "lesson35\Lesson35.vcproj", "{7DD33221-CF10-4008-8FE3-06184E41BCAB}"
EndProject
Project("{8BC9CEB8-8B4A-11D0-8D11-00A0C91BC942}") = "Lesson36", "lesson36\Lesson36.vcproj", "{DB0FB219-0B14-4F77-B6A6-9DFCF2E732B5}"
EndProject
Project("{8BC9CEB8-8B4A-11D0-8D11-00A0C91BC942}") = "Lesson37", "lesson37\Lesson37.vcproj", "{48DEB542-414D-4020-8FD4-FB0E1427DA7E}"
EndProject
Project("{8BC9CEB8-8B4A-11D0-8D11-00A0C91BC942}") = "Lesson38", "lesson38\Lesson38.vcproj", "{16EA4C9B-1AA0-4833-8702-A8866B020098}"
EndProject
Project("{8BC9CEB8-8B4A-11D0-8D11-00A0C91BC942}") = "Lesson39", "lesson39\Lesson39.vcproj", "{4BF3EEB0-3E44-4C6F-8067-14B30510ADF5}"
EndProject
Project("{8BC9CEB8-8B4A-11D0-8D11-00A0C91BC942}") = "lesson40", "lesson40\Lesson40.vcproj", "{84929E5B-88CC-4566-8B19-D54CAAC7824C}"
EndProject
Project("{8BC9CEB8-8B4A-11D0-8D11-00A0C91BC942}") = "Lesson41", "lesson41\Lesson41.vcproj", "{BD3E3173-741C-4DBC-BA88-423AE7D7C746}"
EndProject
Project("{8BC9CEB8-8B4A-11D0-8D11-00A0C91BC942}") = "Lesson42", "lesson42\Lesson42.vcproj", "{D1F1449A-B44B-48D4-BDAD-574673F232E7}"
EndProject
Project("{8BC9CEB8-8B4A-11D0-8D11-00A0C91BC942}") = "Lesson43", "lesson43\Lesson43.vcproj", "{03A4E8AD-CA4B-4607-AD02-5B884BC6F183}"
EndProject
Project("{8BC9CEB8-8B4A-11D0-8D11-00A0C91BC942}") = "Lesson44", "lesson44\Lesson44.vcproj", "{0240C85A-BD0F-418E-9225-8A71BF02C246}"
EndProject
Project("{8BC9CEB8-8B4A-11D0-8D11-00A0C91BC942}") = "Lesson45", "lesson45\Lesson45.vcproj", "{5AE1182A-F6EA-4D4F-8482-F43EC9C9D488}"
EndProject
Project("{8BC9CEB8-8B4A-11D0-8D11-00A0C91BC942}") = "Lesson46", "lesson46\Lesson46.vcproj", "{2F8761D0-B915-4C21-A798-3C328E857CE4}"
EndProject
Project("{8BC9CEB8-8B4A-11D0-8D11-00A0C91BC942}") = "Lesson47", "lesson47\Lesson47.vcproj", "{EBA17AA8-B302-48C5-8813-C562DD793F6D}"
EndProject
Project("{8BC9CEB8-8B4A-11D0-8D11-00A0C91BC942}") = "Lesson48", "lesson48\Lesson48.vcproj", "{64D78D67-5111-45BA-A652-C3B6131DA4BB}"
EndProject
Global
	GlobalSection(SolutionConfigurationPlatforms) = preSolution
		Debug|Win32 = Debug|Win32
		Release|Win32 = Release|Win32
	EndGlobalSection
	GlobalSection(ProjectConfigurationPlatforms) = postSolution
		{C33F4F24-9015-4C77-9143-6969F27C67A1}.Debug|Win32.ActiveCfg = Debug|Win32
		{C33F4F24-9015-4C77-9143-6969F27C67A1}.Debug|Win32.Build.0 = Debug|Win32
		{C33F4F24-9015-4C77-9143-6969F27C67A1}.Release|Win32.ActiveCfg = Release|Win32
		{C33F4F24-9015-4C77-9143-6969F27C67A1}.Release|Win32.Build.0 = Release|Win32
		{3600FB43-8E21-4CE3-94D6-21B7A5112400}.Debug|Win32.ActiveCfg = Debug|Win32
		{3600FB43-8E21-4CE3-94D6-21B7A5112400}.Debug|Win32.Build.0 = Debug|Win32
		{3600FB43-8E21-4CE3-94D6-21B7A5112400}.Release|Win32.ActiveCfg = Release|Win32
		{3600FB43-8E21-4CE3-94D6-21B7A5112400}.Release|Win32.Build.0 = Release|Win32
		{31E93F3C-EC23-4C5A-A3D4-C5A00B5A4C3C}.Debug|Win32.ActiveCfg = Debug|Win32
		{31E93F3C-EC23-4C5A-A3D4-C5A00B5A4C3C}.Debug|Win32.Build.0 = Debug|Win32
		{31E93F3C-EC23-4C5A-A3D4-C5A00B5A4C3C}.Release|Win32.ActiveCfg = Release|Win32
		{31E93F3C-EC23-4C5A-A3D4-C5A00B5A4C3C}.Release|Win32.Build.0 = Release|Win32
		{64263E6D-D553-4DFF-BDDE-3E3889586B70}.Debug|Win32.ActiveCfg = Debug|Win32
		{64263E6D-D553-4DFF-BDDE-3E3889586B70}.Debug|Win32.Build.0 = Debug|Win32
		{64263E6D-D553-4DFF-BDDE-3E3889586B70}.Release|Win32.ActiveCfg = Release|Win32
		{64263E6D-D553-4DFF-BDDE-3E3889586B70}.Release|Win32.Build.0 = Release|Win32
		{9B87CBAB-C55F-43C5-92CF-712870075E38}.Debug|Win32.ActiveCfg = Debug|Win32
		{9B87CBAB-C55F-43C5-92CF-712870075E38}.Debug|Win32.Build.0 = Debug|Win32
		{9B87CBAB-C55F-43C5-92CF-712870075E38}.Release|Win32.ActiveCfg = Release|Win32
		{9B87CBAB-C55F-43C5-92CF-712870075E38}.Release|Win32.Build.0 = Release|Win32
		{21D733BF-C458-4BD1-B96E-D487C1D2268B}.Debug|Win32.ActiveCfg = Debug|Win32
		{21D733BF-C458-4BD1-B96E-D487C1D2268B}.Debug|Win32.Build.0 = Debug|Win32
		{21D733BF-C458-4BD1-B96E-D487C1D2268B}.Release|Win32.ActiveCfg = Release|Win32
		{21D733BF-C458-4BD1-B96E-D487C1D2268B}.Release|Win32.Build.0 = Release|Win32
		{CA7AA195-42AB-4662-9DB0-E24687D9B550}.Debug|Win32.ActiveCfg = Debug|Win32
		{CA7AA195-42AB-4662-9DB0-E24687D9B550}.Debug|Win32.Build.0 = Debug|Win32
		{CA7AA195-42AB-4662-9DB0-E24687D9B550}.Release|Win32.ActiveCfg = Release|Win32
		{CA7AA195-42AB-4662-9DB0-E24687D9B550}.Release|Win32.Build.0 = Release|Win32
		{BB842779-8236-4D56-94D6-3848727F6140}.Debug|Win32.ActiveCfg = Debug|Win32
		{BB842779-8236-4D56-94D6-3848727F6140}.Debug|Win32.Build.0 = Debug|Win32
		{BB842779-8236-4D56-94D6-3848727F6140}.Release|Win32.ActiveCfg = Release|Win32
		{BB842779-8236-4D56-94D6-3848727F6140}.Release|Win32.Build.0 = Release|Win32
		{FF460D8B-964A-4872-88B5-579904DC6416}.Debug|Win32.ActiveCfg = Debug|Win32
		{FF460D8B-964A-4872-88B5-579904DC6416}.Debug|Win32.Build.0 = Debug|Win32
		{FF460D8B-964A-4872-88B5-579904DC6416}.Release|Win32.ActiveCfg = Release|Win32
		{FF460D8B-964A-4872-88B5-579904DC6416}.Release|Win32.Build.0 = Release|Win32
		{C9AFC376-371E-4C8A-B2F0-7EA96D3CA351}.Debug|Win32.ActiveCfg = Debug|Win32
		{C9AFC376-371E-4C8A-B2F0-7EA96D3CA351}.Debug|Win32.Build.0 = Debug|Win32
		{C9AFC376-371E-4C8A-B2F0-7EA96D3CA351}.Release|Win32.ActiveCfg = Release|Win32
		{C9AFC376-371E-4C8A-B2F0-7EA96D3CA351}.Release|Win32.Build.0 = Release|Win32
		{55FE80A1-5C85-44A0-9B2A-960409B1202D}.Debug|Win32.ActiveCfg = Debug|Win32
		{55FE80A1-5C85-44A0-9B2A-960409B1202D}.Debug|Win32.Build.0 = Debug|Win32
		{55FE80A1-5C85-44A0-9B2A-960409B1202D}.Release|Win32.ActiveCfg = Release|Win32
		{55FE80A1-5C85-44A0-9B2A-960409B1202D}.Release|Win32.Build.0 = Release|Win32
		{F5807109-5660-4492-BF09-7AF0DEDAB713}.Debug|Win32.ActiveCfg = Debug|Win32
		{F5807109-5660-4492-BF09-7AF0DEDAB713}.Debug|Win32.Build.0 = Debug|Win32
		{F5807109-5660-4492-BF09-7AF0DEDAB713}.Release|Win32.ActiveCfg = Release|Win32
		{F5807109-5660-4492-BF09-7AF0DEDAB713}.Release|Win32.Build.0 = Release|Win32
		{71EF6577-66EF-46FA-8D6F-855034B0BC3F}.Debug|Win32.ActiveCfg = Debug|Win32
		{71EF6577-66EF-46FA-8D6F-855034B0BC3F}.Debug|Win32.Build.0 = Debug|Win32
		{71EF6577-66EF-46FA-8D6F-855034B0BC3F}.Release|Win32.ActiveCfg = Release|Win32
		{71EF6577-66EF-46FA-8D6F-855034B0BC3F}.Release|Win32.Build.0 = Release|Win32
		{27794B5E-D853-4D7E-985E-345AC7AF2328}.Debug|Win32.ActiveCfg = Debug|Win32
		{27794B5E-D853-4D7E-985E-345AC7AF2328}.Debug|Win32.Build.0 = Debug|Win32
		{27794B5E-D853-4D7E-985E-345AC7AF2328}.Release|Win32.ActiveCfg = Release|Win32
		{27794B5E-D853-4D7E-985E-345AC7AF2328}.Release|Win32.Build.0 = Release|Win32
		{BDA4FFCA-F234-4CF8-8C85-7C6D3ADA7324}.Debug|Win32.ActiveCfg = Debug|Win32
		{BDA4FFCA-F234-4CF8-8C85-7C6D3ADA7324}.Debug|Win32.Build.0 = Debug|Win32
		{BDA4FFCA-F234-4CF8-8C85-7C6D3ADA7324}.Release|Win32.ActiveCfg = Release|Win32
		{BDA4FFCA-F234-4CF8-8C85-7C6D3ADA7324}.Release|Win32.Build.0 = Release|Win32
		{584DAFE4-080B-4960-8AEF-BBD5AE3FEF81}.Debug|Win32.ActiveCfg = Debug|Win32
		{584DAFE4-080B-4960-8AEF-BBD5AE3FEF81}.Debug|Win32.Build.0 = Debug|Win32
		{584DAFE4-080B-4960-8AEF-BBD5AE3FEF81}.Release|Win32.ActiveCfg = Release|Win32
		{584DAFE4-080B-4960-8AEF-BBD5AE3FEF81}.Release|Win32.Build.0 = Release|Win32
		{634C77EC-5975-4F03-A12F-9A5F03859D01}.Debug|Win32.ActiveCfg = Debug|Win32
		{634C77EC-5975-4F03-A12F-9A5F03859D01}.Debug|Win32.Build.0 = Debug|Win32
		{634C77EC-5975-4F03-A12F-9A5F03859D01}.Release|Win32.ActiveCfg = Release|Win32
		{634C77EC-5975-4F03-A12F-9A5F03859D01}.Release|Win32.Build.0 = Release|Win32
		{3DFA607E-D3BB-488D-9DC3-0D20ACAA8684}.Debug|Win32.ActiveCfg = Debug|Win32
		{3DFA607E-D3BB-488D-9DC3-0D20ACAA8684}.Debug|Win32.Build.0 = Debug|Win32
		{3DFA607E-D3BB-488D-9DC3-0D20ACAA8684}.Release|Win32.ActiveCfg = Release|Win32
		{3DFA607E-D3BB-488D-9DC3-0D20ACAA8684}.Release|Win32.Build.0 = Release|Win32
		{79F82E01-B852-4C5D-8391-881DE37213E0}.Debug|Win32.ActiveCfg = Debug|Win32
		{79F82E01-B852-4C5D-8391-881DE37213E0}.Debug|Win32.Build.0 = Debug|Win32
		{79F82E01-B852-4C5D-8391-881DE37213E0}.Release|Win32.ActiveCfg = Release|Win32
		{79F82E01-B852-4C5D-8391-881DE37213E0}.Release|Win32.Build.0 = Release|Win32
		{8C597653-3853-4C7F-8810-B127B25CAD1D}.Debug|Win32.ActiveCfg = Debug|Win32
		{8C597653-3853-4C7F-8810-B127B25CAD1D}.Debug|Win32.Build.0 = Debug|Win32
		{8C597653-3853-4C7F-8810-B127B25CAD1D}.Release|Win32.ActiveCfg = Release|Win32
		{8C597653-3853-4C7F-8810-B127B25CAD1D}.Release|Win32.Build.0 = Release|Win32
		{A7DFE782-6BE7-4ED1-AF5E-0F8E0FA99EAE}.Debug|Win32.ActiveCfg = Debug|Win32
		{A7DFE782-6BE7-4ED1-AF5E-0F8E0FA99EAE}.Debug|Win32.Build.0 = Debug|Win32
		{A7DFE782-6BE7-4ED1-AF5E-0F8E0FA99EAE}.Release|Win32.ActiveCfg = Release|Win32
		{A7DFE782-6BE7-4ED1-AF5E-0F8E0FA99EAE}.Release|Win32.Build.0 = Release|Win32
		{2357E142-D5FF-47D0-B18B-28E3073666CA}.Debug|Win32.ActiveCfg = Debug|Win32
		{2357E142-D5FF-47D0-B18B-28E3073666CA}.Debug|Win32.Build.0 = Debug|Win32
		{2357E142-D5FF-47D0-B18B-28E3073666CA}.Release|Win32.ActiveCfg = Release|Win32
		{2357E142-D5FF-47D0-B18B-28E3073666CA}.Release|Win32.Build.0 = Release|Win32
		{BF2CE69A-C29A-48B9-99BD-9FFC51B8BB6A}.Debug|Win32.ActiveCfg = Debug|Win32
		{BF2CE69A-C29A-48B9-99BD-9FFC51B8BB6A}.Debug|Win32.Build.0 = Debug|Win32
		{BF2CE69A-C29A-48B9-99BD-9FFC51B8BB6A}.Release|Win32.ActiveCfg = Release|Win32
		{BF2CE69A-C29A-48B9-99BD-9FFC51B8BB6A}.Release|Win32.Build.0 = Release|Win32
		{0A128AD6-33F3-4E32-90DB-B725782B892C}.Debug|Win32.ActiveCfg = Debug|Win32
		{0A128AD6-33F3-4E32-90DB-B725782B892C}.Debug|Win32.Build.0 = Debug|Win32
		{0A128AD6-33F3-4E32-90DB-B725782B892C}.Release|Win32.ActiveCfg = Release|Win32
		{0A128AD6-33F3-4E32-90DB-B725782B892C}.Release|Win32.Build.0 = Release|Win32
		{0F13E41F-5D37-49FB-955B-90C5660B30B2}.Debug|Win32.ActiveCfg = Debug|Win32
		{0F13E41F-5D37-49FB-955B-90C5660B30B2}.Debug|Win32.Build.0 = Debug|Win32
		{0F13E41F-5D37-49FB-955B-90C5660B30B2}.Release|Win32.ActiveCfg = Release|Win32
		{0F13E41F-5D37-49FB-955B-90C5660B30B2}.Release|Win32.Build.0 = Release|Win32
		{7F04DAD7-8C3B-4CB6-8E8C-FDE044DEBAB6}.Debug|Win32.ActiveCfg = Debug|Win32
		{7F04DAD7-8C3B-4CB6-8E8C-FDE044DEBAB6}.Debug|Win32.Build.0 = Debug|Win32
		{7F04DAD7-8C3B-4CB6-8E8C-FDE044DEBAB6}.Release|Win32.ActiveCfg = Release|Win32
		{7F04DAD7-8C3B-4CB6-8E8C-FDE044DEBAB6}.Release|Win32.Build.0 = Release|Win32
		{3EF35475-27EC-4859-9A44-48170032E173}.Debug|Win32.ActiveCfg = Debug|Win32
		{3EF35475-27EC-4859-9A44-48170032E173}.Debug|Win32.Build.0 = Debug|Win32
		{3EF35475-27EC-4859-9A44-48170032E173}.Release|Win32.ActiveCfg = Release|Win32
		{3EF35475-27EC-4859-9A44-48170032E173}.Release|Win32.Build.0 = Release|Win32
		{41DE1DDB-CBA8-4203-B842-F87AEBCA541E}.Debug|Win32.ActiveCfg = Debug|Win32
		{41DE1DDB-CBA8-4203-B842-F87AEBCA541E}.Debug|Win32.Build.0 = Debug|Win32
		{41DE1DDB-CBA8-4203-B842-F87AEBCA541E}.Release|Win32.ActiveCfg = Release|Win32
		{41DE1DDB-CBA8-4203-B842-F87AEBCA541E}.Release|Win32.Build.0 = Release|Win32
		{A1BF1A39-8132-4FA8-93E0-56959A66EC97}.Debug|Win32.ActiveCfg = Debug|Win32
		{A1BF1A39-8132-4FA8-93E0-56959A66EC97}.Debug|Win32.Build.0 = Debug|Win32
		{A1BF1A39-8132-4FA8-93E0-56959A66EC97}.Release|Win32.ActiveCfg = Release|Win32
		{A1BF1A39-8132-4FA8-93E0-56959A66EC97}.Release|Win32.Build.0 = Release|Win32
		{E00EA810-F83E-4AAB-BAFF-6B6D721BBF02}.Debug|Win32.ActiveCfg = Debug|Win32
		{E00EA810-F83E-4AAB-BAFF-6B6D721BBF02}.Debug|Win32.Build.0 = Debug|Win32
		{E00EA810-F83E-4AAB-BAFF-6B6D721BBF02}.Release|Win32.ActiveCfg = Release|Win32
		{E00EA810-F83E-4AAB-BAFF-6B6D721BBF02}.Release|Win32.Build.0 = Release|Win32
		{D333E5F5-78A2-4086-8ADE-C3E611F79FAA}.Debug|Win32.ActiveCfg = Debug|Win32
		{D333E5F5-78A2-4086-8ADE-C3E611F79FAA}.Debug|Win32.Build.0 = Debug|Win32
		{D333E5F5-78A2-4086-8ADE-C3E611F79FAA}.Release|Win32.ActiveCfg = Release|Win32
		{D333E5F5-78A2-4086-8ADE-C3E611F79FAA}.Release|Win32.Build.0 = Release|Win32
		{FF81A903-557D-476D-B583-6AED8C23139C}.Debug|Win32.ActiveCfg = Debug|Win32
		{FF81A903-557D-476D-B583-6AED8C23139C}.Debug|Win32.Build.0 = Debug|Win32
		{FF81A903-557D-476D-B583-6AED8C23139C}.Release|Win32.ActiveCfg = Release|Win32
		{FF81A903-557D-476D-B583-6AED8C23139C}.Release|Win32.Build.0 = Release|Win32
		{E38E8160-FD05-4B72-8B10-D630739C2371}.Debug|Win32.ActiveCfg = Debug|Win32
		{E38E8160-FD05-4B72-8B10-D630739C2371}.Debug|Win32.Build.0 = Debug|Win32
		{E38E8160-FD05-4B72-8B10-D630739C2371}.Release|Win32.ActiveCfg = Release|Win32
		{E38E8160-FD05-4B72-8B10-D630739C2371}.Release|Win32.Build.0 = Release|Win32
		{1B08C856-7945-4876-9591-CF68223A65A4}.Debug|Win32.ActiveCfg = Debug|Win32
		{1B08C856-7945-4876-9591-CF68223A65A4}.Debug|Win32.Build.0 = Debug|Win32
		{1B08C856-7945-4876-9591-CF68223A65A4}.Release|Win32.ActiveCfg = Release|Win32
		{1B08C856-7945-4876-9591-CF68223A65A4}.Release|Win32.Build.0 = Release|Win32
		{7DD33221-CF10-4008-8FE3-06184E41BCAB}.Debug|Win32.ActiveCfg = Debug|Win32
		{7DD33221-CF10-4008-8FE3-06184E41BCAB}.Debug|Win32.Build.0 = Debug|Win32
		{7DD33221-CF10-4008-8FE3-06184E41BCAB}.Release|Win32.ActiveCfg = Release|Win32
		{7DD33221-CF10-4008-8FE3-06184E41BCAB}.Release|Win32.Build.0 = Release|Win32
		{DB0FB219-0B14-4F77-B6A6-9DFCF2E732B5}.Debug|Win32.ActiveCfg = Debug|Win32
		{DB0FB219-0B14-4F77-B6A6-9DFCF2E732B5}.Debug|Win32.Build.0 = Debug|Win32
		{DB0FB219-0B14-4F77-B6A6-9DFCF2E732B5}.Release|Win32.ActiveCfg = Release|Win32
		{DB0FB219-0B14-4F77-B6A6-9DFCF2E732B5}.Release|Win32.Build.0 = Release|Win32
		{48DEB542-414D-4020-8FD4-FB0E1427DA7E}.Debug|Win32.ActiveCfg = Debug|Win32
		{48DEB542-414D-4020-8FD4-FB0E1427DA7E}.Debug|Win32.Build.0 = Debug|Win32
		{48DEB542-414D-4020-8FD4-FB0E1427DA7E}.Release|Win32.ActiveCfg = Release|Win32
		{48DEB542-414D-4020-8FD4-FB0E1427DA7E}.Release|Win32.Build.0 = Release|Win32
		{16EA4C9B-1AA0-4833-8702-A8866B020098}.Debug|Win32.ActiveCfg = Debug|Win32
		{16EA4C9B-1AA0-4833-8702-A8866B020098}.Debug|Win32.Build.0 = Debug|Win32
		{16EA4C9B-1AA0-4833-8702-A8866B020098}.Release|Win32.ActiveCfg = Release|Win32
		{16EA4C9B-1AA0-4833-8702-A8866B020098}.Release|Win32.Build.0 = Release|Win32
		{4BF3EEB0-3E44-4C6F-8067-14B30510ADF5}.Debug|Win32.ActiveCfg = Debug|Win32
		{4BF3EEB0-3E44-4C6F-8067-14B30510ADF5}.Debug|Win32.Build.0 = Debug|Win32
		{4BF3EEB0-3E44-4C6F-8067-14B30510ADF5}.Release|Win32.ActiveCfg = Release|Win32
		{4BF3EEB0-3E44-4C6F-8067-14B30510ADF5}.Release|Win32.Build.0 = Release|Win32
		{84929E5B-88CC-4566-8B19-D54CAAC7824C}.Debug|Win32.ActiveCfg = Debug|Win32
		{84929E5B-88CC-4566-8B19-D54CAAC7824C}.Debug|Win32.Build.0 = Debug|Win32
		{84929E5B-88CC-4566-8B19-D54CAAC7824C}.Release|Win32.ActiveCfg = Release|Win32
		{84929E5B-88CC-4566-8B19-D54CAAC7824C}.Release|Win32.Build.0 = Release|Win32
		{BD3E3173-741C-4DBC-BA88-423AE7D7C746}.Debug|Win32.ActiveCfg = Debug|Win32
		{BD3E3173-741C-4DBC-BA88-423AE7D7C746}.Debug|Win32.Build.0 = Debug|Win32
		{BD3E3173-741C-4DBC-BA88-423AE7D7C746}.Release|Win32.ActiveCfg = Release|Win32
		{BD3E3173-741C-4DBC-BA88-423AE7D7C746}.Release|Win32.Build.0 = Release|Win32
		{D1F1449A-B44B-48D4-BDAD-574673F232E7}.Debug|Win32.ActiveCfg = Debug|Win32
		{D1F1449A-B44B-48D4-BDAD-574673F232E7}.Debug|Win32.Build.0 = Debug|Win32
		{D1F1449A-B44B-48D4-BDAD-574673F232E7}.Release|Win32.ActiveCfg = Release|Win32
		{D1F1449A-B44B-48D4-BDAD-574673F232E7}.Release|Win32.Build.0 = Release|Win32
		{03A4E8AD-CA4B-4607-AD02-5B884BC6F183}.Debug|Win32.ActiveCfg = Debug|Win32
		{03A4E8AD-CA4B-4607-AD02-5B884BC6F183}.Debug|Win32.Build.0 = Debug|Win32
		{03A4E8AD-CA4B-4607-AD02-5B884BC6F183}.Release|Win32.ActiveCfg = Release|Win32
		{03A4E8AD-CA4B-4607-AD02-5B884BC6F183}.Release|Win32.Build.0 = Release|Win32
		{0240C85A-BD0F-418E-9225-8A71BF02C246}.Debug|Win32.ActiveCfg = Debug|Win32
		{0240C85A-BD0F-418E-9225-8A71BF02C246}.Debug|Win32.Build.0 = Debug|Win32
		{0240C85A-BD0F-418E-9225-8A71BF02C246}.Release|Win32.ActiveCfg = Release|Win32
		{0240C85A-BD0F-418E-9225-8A71BF02C246}.Release|Win32.Build.0 = Release|Win32
		{5AE1182A-F6EA-4D4F-8482-F43EC9C9D488}.Debug|Win32.ActiveCfg = Debug|Win32
		{5AE1182A-F6EA-4D4F-8482-F43EC9C9D488}.Debug|Win32.Build.0 = Debug|Win32
		{5AE1182A-F6EA-4D4F-8482-F43EC9C9D488}.Release|Win32.ActiveCfg = Release|Win32
		{5AE1182A-F6EA-4D4F-8482-F43EC9C9D488}.Release|Win32.Build.0 = Release|Win32
		{2F8761D0-B915-4C21-A798-3C328E857CE4}.Debug|Win32.ActiveCfg = Debug|Win32
		{2F8761D0-B915-4C21-A798-3C328E857CE4}.Debug|Win32.Build.0 = Debug|Win32
		{2F8761D0-B915-4C21-A798-3C328E857CE4}.Release|Win32.ActiveCfg = Release|Win32
		{2F8761D0-B915-4C21-A798-3C328E857CE4}.Release|Win32.Build.0 = Release|Win32
		{EBA17AA8-B302-48C5-8813-C562DD793F6D}.Debug|Win32.ActiveCfg = Debug|Win32
		{EBA17AA8-B302-48C5-8813-C562DD793F6D}.Debug|Win32.Build.0 = Debug|Win32
		{EBA17AA8-B302-48C5-8813-C562DD793F6D}.Release|Win32.ActiveCfg = Release|Win32
		{EBA17AA8-B302-48C5-8813-C562DD793F6D}.Release|Win32.Build.0 = Release|Win32
		{64D78D67-5111-45BA-A652-C3B6131DA4BB}.Debug|Win32.ActiveCfg = Debug|Win32
		{64D78D67-5111-45BA-A652-C3B6131DA4BB}.Debug|Win32.Build.0 = Debug|Win32
		{64D78D67-5111-45BA-A652-C3B6131DA4BB}.Release|Win32.ActiveCfg = Release|Win32
		{64D78D67-5111-45BA-A652-C3B6131DA4BB}.Release|Win32.Build.0 = Release|Win32
	EndGlobalSection
	GlobalSection(SolutionProperties) = preSolution
		HideSolutionNode = FALSE
	EndGlobalSection
EndGlobal
