
Microsoft Visual Studio Solution File, Format Version 10.00
# Visual Studio 2008
Project("{8BC9CEB8-8B4A-11D0-8D11-00A0C91BC942}") = "lesson4", "Lesson4.vcproj", "{64263E6D-D553-4DFF-BDDE-3E3889586B70}"
EndProject
Global
	GlobalSection(SolutionConfigurationPlatforms) = preSolution
		Debug|Win32 = Debug|Win32
		Release|Win32 = Release|Win32
	EndGlobalSection
	GlobalSection(ProjectConfigurationPlatforms) = postSolution
		{64263E6D-D553-4DFF-BDDE-3E3889586B70}.Debug|Win32.ActiveCfg = Debug|Win32
		{64263E6D-D553-4DFF-BDDE-3E3889586B70}.Debug|Win32.Build.0 = Debug|Win32
		{64263E6D-D553-4DFF-BDDE-3E3889586B70}.Release|Win32.ActiveCfg = Release|Win32
		{64263E6D-D553-4DFF-BDDE-3E3889586B70}.Release|Win32.Build.0 = Release|Win32
	EndGlobalSection
	GlobalSection(SolutionProperties) = preSolution
		HideSolutionNode = FALSE
	EndGlobalSection
EndGlobal
