
Microsoft Visual Studio Solution File, Format Version 10.00
# Visual Studio 2008
Project("{8BC9CEB8-8B4A-11D0-8D11-00A0C91BC942}") = "lesson2", "Lesson2.vcproj", "{3600FB43-8E21-4CE3-94D6-21B7A5112400}"
EndProject
Global
	GlobalSection(SolutionConfigurationPlatforms) = preSolution
		Debug|Win32 = Debug|Win32
		Release|Win32 = Release|Win32
	EndGlobalSection
	GlobalSection(ProjectConfigurationPlatforms) = postSolution
		{3600FB43-8E21-4CE3-94D6-21B7A5112400}.Debug|Win32.ActiveCfg = Debug|Win32
		{3600FB43-8E21-4CE3-94D6-21B7A5112400}.Debug|Win32.Build.0 = Debug|Win32
		{3600FB43-8E21-4CE3-94D6-21B7A5112400}.Release|Win32.ActiveCfg = Release|Win32
		{3600FB43-8E21-4CE3-94D6-21B7A5112400}.Release|Win32.Build.0 = Release|Win32
	EndGlobalSection
	GlobalSection(SolutionProperties) = preSolution
		HideSolutionNode = FALSE
	EndGlobalSection
EndGlobal
